
Microsoft Visual Studio Solution File, Format Version 12.00
# Visual Studio 2012
Project("{FAE04EC0-301F-11D3-BF4B-00C04F79EFBC}") = "CRWestropp.Utilities", "CRWestropp.Utilities\CRWestropp.Utilities.csproj", "{007001DB-18FA-4DA2-8586-2B8655001F3E}"
EndProject
Project("{FAE04EC0-301F-11D3-BF4B-00C04F79EFBC}") = "CRWestropp.UnitTests", "CRWestropp.UnitTests\CRWestropp.UnitTests.csproj", "{24B4CCF6-1D47-4907-A4A2-6954C79AE91B}"
EndProject
Global
	GlobalSection(SolutionConfigurationPlatforms) = preSolution
		Debug|Any CPU = Debug|Any CPU
		Release|Any CPU = Release|Any CPU
	EndGlobalSection
	GlobalSection(ProjectConfigurationPlatforms) = postSolution
		{007001DB-18FA-4DA2-8586-2B8655001F3E}.Debug|Any CPU.ActiveCfg = Debug|Any CPU
		{007001DB-18FA-4DA2-8586-2B8655001F3E}.Debug|Any CPU.Build.0 = Debug|Any CPU
		{007001DB-18FA-4DA2-8586-2B8655001F3E}.Release|Any CPU.ActiveCfg = Release|Any CPU
		{007001DB-18FA-4DA2-8586-2B8655001F3E}.Release|Any CPU.Build.0 = Release|Any CPU
		{24B4CCF6-1D47-4907-A4A2-6954C79AE91B}.Debug|Any CPU.ActiveCfg = Debug|Any CPU
		{24B4CCF6-1D47-4907-A4A2-6954C79AE91B}.Debug|Any CPU.Build.0 = Debug|Any CPU
		{24B4CCF6-1D47-4907-A4A2-6954C79AE91B}.Release|Any CPU.ActiveCfg = Release|Any CPU
		{24B4CCF6-1D47-4907-A4A2-6954C79AE91B}.Release|Any CPU.Build.0 = Release|Any CPU
	EndGlobalSection
	GlobalSection(SolutionProperties) = preSolution
		HideSolutionNode = FALSE
	EndGlobalSection
EndGlobal
